// !$*UTF8*$!
{
	archiveVersion = 1;
	classes = {
	};
	objectVersion = 46;
	objects = {

/* Begin PBXBuildFile section */
		279822121BB63C35009CFE09 /* AppDelegate.swift in Sources */ = {isa = PBXBuildFile; fileRef = 279822111BB63C35009CFE09 /* AppDelegate.swift */; };
		279822141BB63C35009CFE09 /* ViewController.swift in Sources */ = {isa = PBXBuildFile; fileRef = 279822131BB63C35009CFE09 /* ViewController.swift */; };
		279822171BB63C35009CFE09 /* Main.storyboard in Resources */ = {isa = PBXBuildFile; fileRef = 279822151BB63C35009CFE09 /* Main.storyboard */; };
		279822191BB63C35009CFE09 /* Images.xcassets in Resources */ = {isa = PBXBuildFile; fileRef = 279822181BB63C35009CFE09 /* Images.xcassets */; };
		2798221C1BB63C35009CFE09 /* LaunchScreen.xib in Resources */ = {isa = PBXBuildFile; fileRef = 2798221A1BB63C35009CFE09 /* LaunchScreen.xib */; };
		279822281BB63C36009CFE09 /* TextFieldDelegateTests.swift in Sources */ = {isa = PBXBuildFile; fileRef = 279822271BB63C36009CFE09 /* TextFieldDelegateTests.swift */; };
/* End PBXBuildFile section */

/* Begin PBXContainerItemProxy section */
		279822221BB63C36009CFE09 /* PBXContainerItemProxy */ = {
			isa = PBXContainerItemProxy;
			containerPortal = 279822041BB63C35009CFE09 /* Project object */;
			proxyType = 1;
			remoteGlobalIDString = 2798220B1BB63C35009CFE09;
			remoteInfo = TextFieldDelegate;
		};
/* End PBXContainerItemProxy section */

/* Begin PBXFileReference section */
		2798220C1BB63C35009CFE09 /* TextFieldDelegate.app */ = {isa = PBXFileReference; explicitFileType = wrapper.application; includeInIndex = 0; path = TextFieldDelegate.app; sourceTree = BUILT_PRODUCTS_DIR; };
		279822101BB63C35009CFE09 /* Info.plist */ = {isa = PBXFileReference; lastKnownFileType = text.plist.xml; path = Info.plist; sourceTree = "<group>"; };
		279822111BB63C35009CFE09 /* AppDelegate.swift */ = {isa = PBXFileReference; lastKnownFileType = sourcecode.swift; path = AppDelegate.swift; sourceTree = "<group>"; };
		279822131BB63C35009CFE09 /* ViewController.swift */ = {isa = PBXFileReference; lastKnownFileType = sourcecode.swift; path = ViewController.swift; sourceTree = "<group>"; };
		279822161BB63C35009CFE09 /* Base */ = {isa = PBXFileReference; lastKnownFileType = file.storyboard; name = Base; path = Base.lproj/Main.storyboard; sourceTree = "<group>"; };
		279822181BB63C35009CFE09 /* Images.xcassets */ = {isa = PBXFileReference; lastKnownFileType = folder.assetcatalog; path = Images.xcassets; sourceTree = "<group>"; };
		2798221B1BB63C35009CFE09 /* Base */ = {isa = PBXFileReference; lastKnownFileType = file.xib; name = Base; path = Base.lproj/LaunchScreen.xib; sourceTree = "<group>"; };
		279822211BB63C36009CFE09 /* TextFieldDelegateTests.xctest */ = {isa = PBXFileReference; explicitFileType = wrapper.cfbundle; includeInIndex = 0; path = TextFieldDelegateTests.xctest; sourceTree = BUILT_PRODUCTS_DIR; };
		279822261BB63C36009CFE09 /* Info.plist */ = {isa = PBXFileReference; lastKnownFileType = text.plist.xml; path = Info.plist; sourceTree = "<group>"; };
		279822271BB63C36009CFE09 /* TextFieldDelegateTests.swift */ = {isa = PBXFileReference; lastKnownFileType = sourcecode.swift; path = TextFieldDelegateTests.swift; sourceTree = "<group>"; };
/* End PBXFileReference section */

/* Begin PBXFrameworksBuildPhase section */
		279822091BB63C35009CFE09 /* Frameworks */ = {
			isa = PBXFrameworksBuildPhase;
			buildActionMask = 2147483647;
			files = (
			);
			runOnlyForDeploymentPostprocessing = 0;
		};
		2798221E1BB63C36009CFE09 /* Frameworks */ = {
			isa = PBXFrameworksBuildPhase;
			buildActionMask = 2147483647;
			files = (
			);
			runOnlyForDeploymentPostprocessing = 0;
		};
/* End PBXFrameworksBuildPhase section */

/* Begin PBXGroup section */
		279822031BB63C35009CFE09 = {
			isa = PBXGroup;
			children = (
				2798220E1BB63C35009CFE09 /* TextFieldDelegate */,
				279822241BB63C36009CFE09 /* TextFieldDelegateTests */,
				2798220D1BB63C35009CFE09 /* Products */,
			);
			sourceTree = "<group>";
		};
		2798220D1BB63C35009CFE09 /* Products */ = {
			isa = PBXGroup;
			children = (
				2798220C1BB63C35009CFE09 /* TextFieldDelegate.app */,
				279822211BB63C36009CFE09 /* TextFieldDelegateTests.xctest */,
			);
			name = Products;
			sourceTree = "<group>";
		};
		2798220E1BB63C35009CFE09 /* TextFieldDelegate */ = {
			isa = PBXGroup;
			children = (
				279822111BB63C35009CFE09 /* AppDelegate.swift */,
				279822131BB63C35009CFE09 /* ViewController.swift */,
				279822151BB63C35009CFE09 /* Main.storyboard */,
				279822181BB63C35009CFE09 /* Images.xcassets */,
				2798221A1BB63C35009CFE09 /* LaunchScreen.xib */,
				2798220F1BB63C35009CFE09 /* Supporting Files */,
			);
			path = TextFieldDelegate;
			sourceTree = "<group>";
		};
		2798220F1BB63C35009CFE09 /* Supporting Files */ = {
			isa = PBXGroup;
			children = (
				279822101BB63C35009CFE09 /* Info.plist */,
			);
			name = "Supporting Files";
			sourceTree = "<group>";
		};
		279822241BB63C36009CFE09 /* TextFieldDelegateTests */ = {
			isa = PBXGroup;
			children = (
				279822271BB63C36009CFE09 /* TextFieldDelegateTests.swift */,
				279822251BB63C36009CFE09 /* Supporting Files */,
			);
			path = TextFieldDelegateTests;
			sourceTree = "<group>";
		};
		279822251BB63C36009CFE09 /* Supporting Files */ = {
			isa = PBXGroup;
			children = (
				279822261BB63C36009CFE09 /* Info.plist */,
			);
			name = "Supporting Files";
			sourceTree = "<group>";
		};
/* End PBXGroup section */

/* Begin PBXNativeTarget section */
		2798220B1BB63C35009CFE09 /* TextFieldDelegate */ = {
			isa = PBXNativeTarget;
			buildConfigurationList = 2798222B1BB63C36009CFE09 /* Build configuration list for PBXNativeTarget "TextFieldDelegate" */;
			buildPhases = (
				279822081BB63C35009CFE09 /* Sources */,
				279822091BB63C35009CFE09 /* Frameworks */,
				2798220A1BB63C35009CFE09 /* Resources */,
			);
			buildRules = (
			);
			dependencies = (
			);
			name = TextFieldDelegate;
			productName = TextFieldDelegate;
			productReference = 2798220C1BB63C35009CFE09 /* TextFieldDelegate.app */;
			productType = "com.apple.product-type.application";
		};
		279822201BB63C36009CFE09 /* TextFieldDelegateTests */ = {
			isa = PBXNativeTarget;
			buildConfigurationList = 2798222E1BB63C36009CFE09 /* Build configuration list for PBXNativeTarget "TextFieldDelegateTests" */;
			buildPhases = (
				2798221D1BB63C36009CFE09 /* Sources */,
				2798221E1BB63C36009CFE09 /* Frameworks */,
				2798221F1BB63C36009CFE09 /* Resources */,
			);
			buildRules = (
			);
			dependencies = (
				279822231BB63C36009CFE09 /* PBXTargetDependency */,
			);
			name = TextFieldDelegateTests;
			productName = TextFieldDelegateTests;
			productReference = 279822211BB63C36009CFE09 /* TextFieldDelegateTests.xctest */;
			productType = "com.apple.product-type.bundle.unit-test";
		};
/* End PBXNativeTarget section */

/* Begin PBXProject section */
		279822041BB63C35009CFE09 /* Project object */ = {
			isa = PBXProject;
			attributes = {
				LastUpgradeCheck = 0640;
				ORGANIZATIONNAME = "Chris Archibald";
				TargetAttributes = {
					2798220B1BB63C35009CFE09 = {
						CreatedOnToolsVersion = 6.4;
					};
					279822201BB63C36009CFE09 = {
						CreatedOnToolsVersion = 6.4;
						TestTargetID = 2798220B1BB63C35009CFE09;
					};
				};
			};
			buildConfigurationList = 279822071BB63C35009CFE09 /* Build configuration list for PBXProject "TextFieldDelegate" */;
			compatibilityVersion = "Xcode 3.2";
			developmentRegion = English;
			hasScannedForEncodings = 0;
			knownRegions = (
				en,
				Base,
			);
			mainGroup = 279822031BB63C35009CFE09;
			productRefGroup = 2798220D1BB63C35009CFE09 /* Products */;
			projectDirPath = "";
			projectRoot = "";
			targets = (
				2798220B1BB63C35009CFE09 /* TextFieldDelegate */,
				279822201BB63C36009CFE09 /* TextFieldDelegateTests */,
			);
		};
/* End PBXProject section */

/* Begin PBXResourcesBuildPhase section */
		2798220A1BB63C35009CFE09 /* Resources */ = {
			isa = PBXResourcesBuildPhase;
			buildActionMask = 2147483647;
			files = (
				279822171BB63C35009CFE09 /* Main.storyboard in Resources */,
				2798221C1BB63C35009CFE09 /* LaunchScreen.xib in Resources */,
				279822191BB63C35009CFE09 /* Images.xcassets in Resources */,
			);
			runOnlyForDeploymentPostprocessing = 0;
		};
		2798221F1BB63C36009CFE09 /* Resources */ = {
			isa = PBXResourcesBuildPhase;
			buildActionMask = 2147483647;
			files = (
			);
			runOnlyForDeploymentPostprocessing = 0;
		};
/* End PBXResourcesBuildPhase section */

/* Begin PBXSourcesBuildPhase section */
		279822081BB63C35009CFE09 /* Sources */ = {
			isa = PBXSourcesBuildPhase;
			buildActionMask = 2147483647;
			files = (
				279822141BB63C35009CFE09 /* ViewController.swift in Sources */,
				279822121BB63C35009CFE09 /* AppDelegate.swift in Sources */,
			);
			runOnlyForDeploymentPostprocessing = 0;
		};
		2798221D1BB63C36009CFE09 /* Sources */ = {
			isa = PBXSourcesBuildPhase;
			buildActionMask = 2147483647;
			files = (
				279822281BB63C36009CFE09 /* TextFieldDelegateTests.swift in Sources */,
			);
			runOnlyForDeploymentPostprocessing = 0;
		};
/* End PBXSourcesBuildPhase section */

/* Begin PBXTargetDependency section */
		279822231BB63C36009CFE09 /* PBXTargetDependency */ = {
			isa = PBXTargetDependency;
			target = 2798220B1BB63C35009CFE09 /* TextFieldDelegate */;
			targetProxy = 279822221BB63C36009CFE09 /* PBXContainerItemProxy */;
		};
/* End PBXTargetDependency section */

/* Begin PBXVariantGroup section */
		279822151BB63C35009CFE09 /* Main.storyboard */ = {
			isa = PBXVariantGroup;
			children = (
				279822161BB63C35009CFE09 /* Base */,
			);
			name = Main.storyboard;
			sourceTree = "<group>";
		};
		2798221A1BB63C35009CFE09 /* LaunchScreen.xib */ = {
			isa = PBXVariantGroup;
			children = (
				2798221B1BB63C35009CFE09 /* Base */,
			);
			name = LaunchScreen.xib;
			sourceTree = "<group>";
		};
/* End PBXVariantGroup section */

/* Begin XCBuildConfiguration section */
		279822291BB63C36009CFE09 /* Debug */ = {
			isa = XCBuildConfiguration;
			buildSettings = {
				ALWAYS_SEARCH_USER_PATHS = NO;
				CLANG_CXX_LANGUAGE_STANDARD = "gnu++0x";
				CLANG_CXX_LIBRARY = "libc++";
				CLANG_ENABLE_MODULES = YES;
				CLANG_ENABLE_OBJC_ARC = YES;
				CLANG_WARN_BOOL_CONVERSION = YES;
				CLANG_WARN_CONSTANT_CONVERSION = YES;
				CLANG_WARN_DIRECT_OBJC_ISA_USAGE = YES_ERROR;
				CLANG_WARN_EMPTY_BODY = YES;
				CLANG_WARN_ENUM_CONVERSION = YES;
				CLANG_WARN_INT_CONVERSION = YES;
				CLANG_WARN_OBJC_ROOT_CLASS = YES_ERROR;
				CLANG_WARN_UNREACHABLE_CODE = YES;
				CLANG_WARN__DUPLICATE_METHOD_MATCH = YES;
				"CODE_SIGN_IDENTITY[sdk=iphoneos*]" = "iPhone Developer";
				COPY_PHASE_STRIP = NO;
				DEBUG_INFORMATION_FORMAT = "dwarf-with-dsym";
				ENABLE_STRICT_OBJC_MSGSEND = YES;
				GCC_C_LANGUAGE_STANDARD = gnu99;
				GCC_DYNAMIC_NO_PIC = NO;
				GCC_NO_COMMON_BLOCKS = YES;
				GCC_OPTIMIZATION_LEVEL = 0;
				GCC_PREPROCESSOR_DEFINITIONS = (
					"DEBUG=1",
					"$(inherited)",
				);
				GCC_SYMBOLS_PRIVATE_EXTERN = NO;
				GCC_WARN_64_TO_32_BIT_CONVERSION = YES;
				GCC_WARN_ABOUT_RETURN_TYPE = YES_ERROR;
				GCC_WARN_UNDECLARED_SELECTOR = YES;
				GCC_WARN_UNINITIALIZED_AUTOS = YES_AGGRESSIVE;
				GCC_WARN_UNUSED_FUNCTION = YES;
				GCC_WARN_UNUSED_VARIABLE = YES;
				IPHONEOS_DEPLOYMENT_TARGET = 8.4;
				MTL_ENABLE_DEBUG_INFO = YES;
				ONLY_ACTIVE_ARCH = YES;
				SDKROOT = iphoneos;
				SWIFT_OPTIMIZATION_LEVEL = "-Onone";
				TARGETED_DEVICE_FAMILY = "1,2";
			};
			name = Debug;
		};
		2798222A1BB63C36009CFE09 /* Release */ = {
			isa = XCBuildConfiguration;
			buildSettings = {
				ALWAYS_SEARCH_USER_PATHS = NO;
				CLANG_CXX_LANGUAGE_STANDARD = "gnu++0x";
				CLANG_CXX_LIBRARY = "libc++";
				CLANG_ENABLE_MODULES = YES;
				CLANG_ENABLE_OBJC_ARC = YES;
				CLANG_WARN_BOOL_CONVERSION = YES;
				CLANG_WARN_CONSTANT_CONVERSION = YES;
				CLANG_WARN_DIRECT_OBJC_ISA_USAGE = YES_ERROR;
				CLANG_WARN_EMPTY_BODY = YES;
				CLANG_WARN_ENUM_CONVERSION = YES;
				CLANG_WARN_INT_CONVERSION = YES;
				CLANG_WARN_OBJC_ROOT_CLASS = YES_ERROR;
				CLANG_WARN_UNREACHABLE_CODE = YES;
				CLANG_WARN__DUPLICATE_METHOD_MATCH = YES;
				"CODE_SIGN_IDENTITY[sdk=iphoneos*]" = "iPhone Developer";
				COPY_PHASE_STRIP = NO;
				DEBUG_INFORMATION_FORMAT = "dwarf-with-dsym";
				ENABLE_NS_ASSERTIONS = NO;
				ENABLE_STRICT_OBJC_MSGSEND = YES;
				GCC_C_LANGUAGE_STANDARD = gnu99;
				GCC_NO_COMMON_BLOCKS = YES;
				GCC_WARN_64_TO_32_BIT_CONVERSION = YES;
				GCC_WARN_ABOUT_RETURN_TYPE = YES_ERROR;
				GCC_WARN_UNDECLARED_SELECTOR = YES;
				GCC_WARN_UNINITIALIZED_AUTOS = YES_AGGRESSIVE;
				GCC_WARN_UNUSED_FUNCTION = YES;
				GCC_WARN_UNUSED_VARIABLE = YES;
				IPHONEOS_DEPLOYMENT_TARGET = 8.4;
				MTL_ENABLE_DEBUG_INFO = NO;
				SDKROOT = iphoneos;
				TARGETED_DEVICE_FAMILY = "1,2";
				VALIDATE_PRODUCT = YES;
			};
			name = Release;
		};
		2798222C1BB63C36009CFE09 /* Debug */ = {
			isa = XCBuildConfiguration;
			buildSettings = {
				ASSETCATALOG_COMPILER_APPICON_NAME = AppIcon;
				INFOPLIST_FILE = TextFieldDelegate/Info.plist;
				LD_RUNPATH_SEARCH_PATHS = "$(inherited) @executable_path/Frameworks";
				PRODUCT_NAME = "$(TARGET_NAME)";
			};
			name = Debug;
		};
		2798222D1BB63C36009CFE09 /* Release */ = {
			isa = XCBuildConfiguration;
			buildSettings = {
				ASSETCATALOG_COMPILER_APPICON_NAME = AppIcon;
				INFOPLIST_FILE = TextFieldDelegate/Info.plist;
				LD_RUNPATH_SEARCH_PATHS = "$(inherited) @executable_path/Frameworks";
				PRODUCT_NAME = "$(TARGET_NAME)";
			};
			name = Release;
		};
		2798222F1BB63C36009CFE09 /* Debug */ = {
			isa = XCBuildConfiguration;
			buildSettings = {
				BUNDLE_LOADER = "$(TEST_HOST)";
				FRAMEWORK_SEARCH_PATHS = (
					"$(SDKROOT)/Developer/Library/Frameworks",
					"$(inherited)",
				);
				GCC_PREPROCESSOR_DEFINITIONS = (
					"DEBUG=1",
					"$(inherited)",
				);
				INFOPLIST_FILE = TextFieldDelegateTests/Info.plist;
				LD_RUNPATH_SEARCH_PATHS = "$(inherited) @executable_path/Frameworks @loader_path/Frameworks";
				PRODUCT_NAME = "$(TARGET_NAME)";
				TEST_HOST = "$(BUILT_PRODUCTS_DIR)/TextFieldDelegate.app/TextFieldDelegate";
			};
			name = Debug;
		};
		279822301BB63C36009CFE09 /* Release */ = {
			isa = XCBuildConfiguration;
			buildSettings = {
				BUNDLE_LOADER = "$(TEST_HOST)";
				FRAMEWORK_SEARCH_PATHS = (
					"$(SDKROOT)/Developer/Library/Frameworks",
					"$(inherited)",
				);
				INFOPLIST_FILE = TextFieldDelegateTests/Info.plist;
				LD_RUNPATH_SEARCH_PATHS = "$(inherited) @executable_path/Frameworks @loader_path/Frameworks";
				PRODUCT_NAME = "$(TARGET_NAME)";
				TEST_HOST = "$(BUILT_PRODUCTS_DIR)/TextFieldDelegate.app/TextFieldDelegate";
			};
			name = Release;
		};
/* End XCBuildConfiguration section */

/* Begin XCConfigurationList section */
		279822071BB63C35009CFE09 /* Build configuration list for PBXProject "TextFieldDelegate" */ = {
			isa = XCConfigurationList;
			buildConfigurations = (
				279822291BB63C36009CFE09 /* Debug */,
				2798222A1BB63C36009CFE09 /* Release */,
			);
			defaultConfigurationIsVisible = 0;
			defaultConfigurationName = Release;
		};
		2798222B1BB63C36009CFE09 /* Build configuration list for PBXNativeTarget "TextFieldDelegate" */ = {
			isa = XCConfigurationList;
			buildConfigurations = (
				2798222C1BB63C36009CFE09 /* Debug */,
				2798222D1BB63C36009CFE09 /* Release */,
			);
			defaultConfigurationIsVisible = 0;
		};
		2798222E1BB63C36009CFE09 /* Build configuration list for PBXNativeTarget "TextFieldDelegateTests" */ = {
			isa = XCConfigurationList;
			buildConfigurations = (
				2798222F1BB63C36009CFE09 /* Debug */,
				279822301BB63C36009CFE09 /* Release */,
			);
			defaultConfigurationIsVisible = 0;
		};
/* End XCConfigurationList section */
	};
	rootObject = 279822041BB63C35009CFE09 /* Project object */;
}
